
Microsoft Visual Studio Solution File, Format Version 12.00
# Visual Studio 14
VisualStudioVersion = 14.0.25420.1
MinimumVisualStudioVersion = 10.0.40219.1
Project("{FAE04EC0-301F-11D3-BF4B-00C04F79EFBC}") = "ConnectionSQL", "ConnectionSQL\ConnectionSQL.csproj", "{61D32393-B5D3-47FB-B540-ED341F87C4F9}"
EndProject
Project("{FAE04EC0-301F-11D3-BF4B-00C04F79EFBC}") = "CommandSQL", "Command\CommandSQL.csproj", "{97151470-09D6-418B-BBD6-92F5B5B33184}"
EndProject
Project("{FAE04EC0-301F-11D3-BF4B-00C04F79EFBC}") = "ConsoleDataReaderSQL", "DataReader\ConsoleDataReaderSQL.csproj", "{7EBDE0C9-B3A9-480F-AE61-EBA59810E011}"
EndProject
Project("{FAE04EC0-301F-11D3-BF4B-00C04F79EFBC}") = "ConsoleDataSetSQL", "SqlDataSet\ConsoleDataSetSQL.csproj", "{C7C8E9CD-1230-4B08-ACA2-B12DC777F70B}"
EndProject
Project("{FAE04EC0-301F-11D3-BF4B-00C04F79EFBC}") = "DataAdapterSQL", "DataAdapterSQL\DataAdapterSQL.csproj", "{C188229D-0400-4466-A3DD-FC1E6ADFF6D3}"
EndProject
Project("{FAE04EC0-301F-11D3-BF4B-00C04F79EFBC}") = "DataGridViewDemo01", "DataGridViewDemo01\DataGridViewDemo01.csproj", "{A8BCEF3E-7A0B-4333-AF4B-C9AB66C1390A}"
EndProject
Global
	GlobalSection(SolutionConfigurationPlatforms) = preSolution
		Debug|Any CPU = Debug|Any CPU
		Release|Any CPU = Release|Any CPU
	EndGlobalSection
	GlobalSection(ProjectConfigurationPlatforms) = postSolution
		{61D32393-B5D3-47FB-B540-ED341F87C4F9}.Debug|Any CPU.ActiveCfg = Debug|Any CPU
		{61D32393-B5D3-47FB-B540-ED341F87C4F9}.Debug|Any CPU.Build.0 = Debug|Any CPU
		{61D32393-B5D3-47FB-B540-ED341F87C4F9}.Release|Any CPU.ActiveCfg = Release|Any CPU
		{61D32393-B5D3-47FB-B540-ED341F87C4F9}.Release|Any CPU.Build.0 = Release|Any CPU
		{97151470-09D6-418B-BBD6-92F5B5B33184}.Debug|Any CPU.ActiveCfg = Debug|Any CPU
		{97151470-09D6-418B-BBD6-92F5B5B33184}.Debug|Any CPU.Build.0 = Debug|Any CPU
		{97151470-09D6-418B-BBD6-92F5B5B33184}.Release|Any CPU.ActiveCfg = Release|Any CPU
		{97151470-09D6-418B-BBD6-92F5B5B33184}.Release|Any CPU.Build.0 = Release|Any CPU
		{7EBDE0C9-B3A9-480F-AE61-EBA59810E011}.Debug|Any CPU.ActiveCfg = Debug|Any CPU
		{7EBDE0C9-B3A9-480F-AE61-EBA59810E011}.Debug|Any CPU.Build.0 = Debug|Any CPU
		{7EBDE0C9-B3A9-480F-AE61-EBA59810E011}.Release|Any CPU.ActiveCfg = Release|Any CPU
		{7EBDE0C9-B3A9-480F-AE61-EBA59810E011}.Release|Any CPU.Build.0 = Release|Any CPU
		{C7C8E9CD-1230-4B08-ACA2-B12DC777F70B}.Debug|Any CPU.ActiveCfg = Debug|Any CPU
		{C7C8E9CD-1230-4B08-ACA2-B12DC777F70B}.Debug|Any CPU.Build.0 = Debug|Any CPU
		{C7C8E9CD-1230-4B08-ACA2-B12DC777F70B}.Release|Any CPU.ActiveCfg = Release|Any CPU
		{C7C8E9CD-1230-4B08-ACA2-B12DC777F70B}.Release|Any CPU.Build.0 = Release|Any CPU
		{C188229D-0400-4466-A3DD-FC1E6ADFF6D3}.Debug|Any CPU.ActiveCfg = Debug|Any CPU
		{C188229D-0400-4466-A3DD-FC1E6ADFF6D3}.Debug|Any CPU.Build.0 = Debug|Any CPU
		{C188229D-0400-4466-A3DD-FC1E6ADFF6D3}.Release|Any CPU.ActiveCfg = Release|Any CPU
		{C188229D-0400-4466-A3DD-FC1E6ADFF6D3}.Release|Any CPU.Build.0 = Release|Any CPU
		{A8BCEF3E-7A0B-4333-AF4B-C9AB66C1390A}.Debug|Any CPU.ActiveCfg = Debug|Any CPU
		{A8BCEF3E-7A0B-4333-AF4B-C9AB66C1390A}.Debug|Any CPU.Build.0 = Debug|Any CPU
		{A8BCEF3E-7A0B-4333-AF4B-C9AB66C1390A}.Release|Any CPU.ActiveCfg = Release|Any CPU
		{A8BCEF3E-7A0B-4333-AF4B-C9AB66C1390A}.Release|Any CPU.Build.0 = Release|Any CPU
	EndGlobalSection
	GlobalSection(SolutionProperties) = preSolution
		HideSolutionNode = FALSE
	EndGlobalSection
EndGlobal
